
Microsoft Visual Studio Solution File, Format Version 12.00
# Visual Studio Version 16
VisualStudioVersion = 16.0.30406.217
MinimumVisualStudioVersion = 10.0.40219.1
Project("{9A19103F-16F7-4668-BE54-9A1E7A4F7556}") = "ConsoleApp1", "ConsoleApp2\ConsoleApp1.csproj", "{EAF0BB63-B852-4DBD-A281-1F8385CF20DE}"
EndProject
Global
	GlobalSection(SolutionConfigurationPlatforms) = preSolution
		Debug|Any CPU = Debug|Any CPU
		Release|Any CPU = Release|Any CPU
	EndGlobalSection
	GlobalSection(ProjectConfigurationPlatforms) = postSolution
		{EAF0BB63-B852-4DBD-A281-1F8385CF20DE}.Debug|Any CPU.ActiveCfg = Debug|Any CPU
		{EAF0BB63-B852-4DBD-A281-1F8385CF20DE}.Debug|Any CPU.Build.0 = Debug|Any CPU
		{EAF0BB63-B852-4DBD-A281-1F8385CF20DE}.Release|Any CPU.ActiveCfg = Release|Any CPU
		{EAF0BB63-B852-4DBD-A281-1F8385CF20DE}.Release|Any CPU.Build.0 = Release|Any CPU
	EndGlobalSection
	GlobalSection(SolutionProperties) = preSolution
		HideSolutionNode = FALSE
	EndGlobalSection
	GlobalSection(ExtensibilityGlobals) = postSolution
		SolutionGuid = {8658AD3F-5DDD-4D56-B13F-3372EAFF5E7D}
	EndGlobalSection
EndGlobal
